
Microsoft Visual Studio Solution File, Format Version 12.00
# Visual Studio Version 16
VisualStudioVersion = 16.0.30114.105
MinimumVisualStudioVersion = 10.0.40219.1
Project("{2150E333-8FDC-42A3-9474-1A3956D46DE8}") = "Framework", "Framework", "{94473427-470B-4654-8BD4-7FF0C2091FAA}"
EndProject
Project("{2150E333-8FDC-42A3-9474-1A3956D46DE8}") = "Services", "Services", "{5653A24F-2D85-4A35-ACF9-9C6C9F9526E8}"
EndProject
Project("{2150E333-8FDC-42A3-9474-1A3956D46DE8}") = "Test", "Test", "{65C20A32-B2BE-4B69-9742-B742C3E3AA9E}"
EndProject
Project("{2150E333-8FDC-42A3-9474-1A3956D46DE8}") = "Solution Files", "Solution Files", "{BC6AC95D-B767-411C-990C-49D95F6A72F2}"
	ProjectSection(SolutionItems) = preProject
		.dockerignore = .dockerignore
		.gitignore = .gitignore
		.gitlab-ci.yml = .gitlab-ci.yml
	EndProjectSection
EndProject
Project("{9A19103F-16F7-4668-BE54-9A1E7A4F7556}") = "Nike.Framework.Domain", "Nike.Framework.Domain\Nike.Framework.Domain.csproj", "{7D0B7A0F-7E21-4E2F-811E-1C5A043BB919}"
EndProject
Project("{9A19103F-16F7-4668-BE54-9A1E7A4F7556}") = "Nike.EntityFramework", "Nike.EntityFramework\Nike.EntityFramework.csproj", "{66F3067E-48A3-4A20-B0A3-28B45F1F02F9}"
EndProject
Project("{9A19103F-16F7-4668-BE54-9A1E7A4F7556}") = "Nike.Mediator", "Nike.Mediator\Nike.Mediator.csproj", "{10BEDDF1-9185-43FD-98C5-EF5E0B8966EA}"
EndProject
Project("{9A19103F-16F7-4668-BE54-9A1E7A4F7556}") = "Nike.Swagger", "Nike.Swagger\Nike.Swagger.csproj", "{4D72CF1C-06B1-496B-BC24-8FD8C8C49EB9}"
EndProject
Project("{9A19103F-16F7-4668-BE54-9A1E7A4F7556}") = "Nike.EntityFramework.Microsoft.DependencyInjection", "Nike.EntityFramework.Microsoft.DependencyInjection\Nike.EntityFramework.Microsoft.DependencyInjection.csproj", "{7F3E8B7D-5288-4AF6-9AE4-DE2D6BED3A16}"
EndProject
Project("{9A19103F-16F7-4668-BE54-9A1E7A4F7556}") = "Nike.EventBus", "Nike.EventBus\Nike.EventBus.csproj", "{9E7507B0-A2CB-4710-946C-735FDD53101D}"
EndProject
Project("{9A19103F-16F7-4668-BE54-9A1E7A4F7556}") = "Nike.EventBus.RabbitMQ", "Nike.EventBus.RabbitMQ\Nike.EventBus.RabbitMQ.csproj", "{AA0FFC4E-997A-40B4-8B3C-AA0AB2C8BF56}"
EndProject
Project("{9A19103F-16F7-4668-BE54-9A1E7A4F7556}") = "Nike.Redis.Microsoft.DependencyInjection", "Nike.Redis.Microsoft.DependencyInjection\Nike.Redis.Microsoft.DependencyInjection.csproj", "{D6493CD7-BB60-4B80-A213-66E32B55BCFA}"
EndProject
Project("{9A19103F-16F7-4668-BE54-9A1E7A4F7556}") = "Nike.EventBus.Kafka", "Nike.EventBus.Kafka\Nike.EventBus.Kafka.csproj", "{CA24E652-5187-4218-B09F-55248FABC695}"
EndProject
Project("{9A19103F-16F7-4668-BE54-9A1E7A4F7556}") = "Nike.Web", "Nike.Web\Nike.Web.csproj", "{477E9018-8CF4-4AE6-A11C-0B6CC5D71A37}"
EndProject
Project("{9A19103F-16F7-4668-BE54-9A1E7A4F7556}") = "Nike.Exceptions", "Nike.Exceptions\Nike.Exceptions.csproj", "{09CF58B7-9F6E-422F-BB06-E41F2AAE9EA3}"
EndProject
Project("{9A19103F-16F7-4668-BE54-9A1E7A4F7556}") = "Nike.Web.DependencyInjection", "Nike.Web.DependencyInjection\Nike.Web.DependencyInjection.csproj", "{CF3F5704-4A83-4367-AD11-685CED9D5415}"
EndProject
Project("{FAE04EC0-301F-11D3-BF4B-00C04F79EFBC}") = "Nike.CustomerManagement", "Nike.CustomerManagement\Nike.CustomerManagement.csproj", "{DA920F67-B53F-4228-8F72-1A32AB82AD71}"
EndProject
Project("{FAE04EC0-301F-11D3-BF4B-00C04F79EFBC}") = "Nike.Api", "Nike.Api\Nike.Api.csproj", "{6A3E3C4D-8D9F-43BC-98CE-905B352935FB}"
EndProject
Project("{FAE04EC0-301F-11D3-BF4B-00C04F79EFBC}") = "Nike.CustomerManagement.Tests.Units", "Nike.CustomerManagement.Tests.Units\Nike.CustomerManagement.Tests.Units.csproj", "{DD465C70-669F-498D-8A3F-89AAEBCE4559}"
EndProject
Project("{FAE04EC0-301F-11D3-BF4B-00C04F79EFBC}") = "Nike.Redis", "Nike.Redis\Nike.Redis.csproj", "{4E9C9135-0E3F-445A-9CA6-FFDD94953628}"
EndProject
Project("{FAE04EC0-301F-11D3-BF4B-00C04F79EFBC}") = "Nike.SampleConsumer", "Nike.SampleConsumer\Nike.SampleConsumer.csproj", "{2A5928C9-EDBC-4FA4-839C-8A7DBE35E5CA}"
EndProject
Project("{FAE04EC0-301F-11D3-BF4B-00C04F79EFBC}") = "Nike.SampleProducer", "Nike.SampleProducer\Nike.SampleProducer.csproj", "{05A95C1A-28AA-4450-B91C-4CDB217071F0}"
EndProject
Global
	GlobalSection(SolutionConfigurationPlatforms) = preSolution
		Debug|Any CPU = Debug|Any CPU
		Release|Any CPU = Release|Any CPU
	EndGlobalSection
	GlobalSection(ProjectConfigurationPlatforms) = postSolution
		{7D0B7A0F-7E21-4E2F-811E-1C5A043BB919}.Debug|Any CPU.ActiveCfg = Debug|Any CPU
		{7D0B7A0F-7E21-4E2F-811E-1C5A043BB919}.Debug|Any CPU.Build.0 = Debug|Any CPU
		{7D0B7A0F-7E21-4E2F-811E-1C5A043BB919}.Release|Any CPU.ActiveCfg = Release|Any CPU
		{7D0B7A0F-7E21-4E2F-811E-1C5A043BB919}.Release|Any CPU.Build.0 = Release|Any CPU
		{66F3067E-48A3-4A20-B0A3-28B45F1F02F9}.Debug|Any CPU.ActiveCfg = Debug|Any CPU
		{66F3067E-48A3-4A20-B0A3-28B45F1F02F9}.Debug|Any CPU.Build.0 = Debug|Any CPU
		{66F3067E-48A3-4A20-B0A3-28B45F1F02F9}.Release|Any CPU.ActiveCfg = Release|Any CPU
		{66F3067E-48A3-4A20-B0A3-28B45F1F02F9}.Release|Any CPU.Build.0 = Release|Any CPU
		{10BEDDF1-9185-43FD-98C5-EF5E0B8966EA}.Debug|Any CPU.ActiveCfg = Debug|Any CPU
		{10BEDDF1-9185-43FD-98C5-EF5E0B8966EA}.Debug|Any CPU.Build.0 = Debug|Any CPU
		{10BEDDF1-9185-43FD-98C5-EF5E0B8966EA}.Release|Any CPU.ActiveCfg = Release|Any CPU
		{10BEDDF1-9185-43FD-98C5-EF5E0B8966EA}.Release|Any CPU.Build.0 = Release|Any CPU
		{4D72CF1C-06B1-496B-BC24-8FD8C8C49EB9}.Debug|Any CPU.ActiveCfg = Debug|Any CPU
		{4D72CF1C-06B1-496B-BC24-8FD8C8C49EB9}.Debug|Any CPU.Build.0 = Debug|Any CPU
		{4D72CF1C-06B1-496B-BC24-8FD8C8C49EB9}.Release|Any CPU.ActiveCfg = Release|Any CPU
		{4D72CF1C-06B1-496B-BC24-8FD8C8C49EB9}.Release|Any CPU.Build.0 = Release|Any CPU
		{7F3E8B7D-5288-4AF6-9AE4-DE2D6BED3A16}.Debug|Any CPU.ActiveCfg = Debug|Any CPU
		{7F3E8B7D-5288-4AF6-9AE4-DE2D6BED3A16}.Debug|Any CPU.Build.0 = Debug|Any CPU
		{7F3E8B7D-5288-4AF6-9AE4-DE2D6BED3A16}.Release|Any CPU.ActiveCfg = Release|Any CPU
		{7F3E8B7D-5288-4AF6-9AE4-DE2D6BED3A16}.Release|Any CPU.Build.0 = Release|Any CPU
		{9E7507B0-A2CB-4710-946C-735FDD53101D}.Debug|Any CPU.ActiveCfg = Debug|Any CPU
		{9E7507B0-A2CB-4710-946C-735FDD53101D}.Debug|Any CPU.Build.0 = Debug|Any CPU
		{9E7507B0-A2CB-4710-946C-735FDD53101D}.Release|Any CPU.ActiveCfg = Release|Any CPU
		{9E7507B0-A2CB-4710-946C-735FDD53101D}.Release|Any CPU.Build.0 = Release|Any CPU
		{AA0FFC4E-997A-40B4-8B3C-AA0AB2C8BF56}.Debug|Any CPU.ActiveCfg = Debug|Any CPU
		{AA0FFC4E-997A-40B4-8B3C-AA0AB2C8BF56}.Debug|Any CPU.Build.0 = Debug|Any CPU
		{AA0FFC4E-997A-40B4-8B3C-AA0AB2C8BF56}.Release|Any CPU.ActiveCfg = Release|Any CPU
		{AA0FFC4E-997A-40B4-8B3C-AA0AB2C8BF56}.Release|Any CPU.Build.0 = Release|Any CPU
		{D6493CD7-BB60-4B80-A213-66E32B55BCFA}.Debug|Any CPU.ActiveCfg = Debug|Any CPU
		{D6493CD7-BB60-4B80-A213-66E32B55BCFA}.Debug|Any CPU.Build.0 = Debug|Any CPU
		{D6493CD7-BB60-4B80-A213-66E32B55BCFA}.Release|Any CPU.ActiveCfg = Release|Any CPU
		{D6493CD7-BB60-4B80-A213-66E32B55BCFA}.Release|Any CPU.Build.0 = Release|Any CPU
		{CA24E652-5187-4218-B09F-55248FABC695}.Debug|Any CPU.ActiveCfg = Debug|Any CPU
		{CA24E652-5187-4218-B09F-55248FABC695}.Debug|Any CPU.Build.0 = Debug|Any CPU
		{CA24E652-5187-4218-B09F-55248FABC695}.Release|Any CPU.ActiveCfg = Release|Any CPU
		{CA24E652-5187-4218-B09F-55248FABC695}.Release|Any CPU.Build.0 = Release|Any CPU
		{477E9018-8CF4-4AE6-A11C-0B6CC5D71A37}.Debug|Any CPU.ActiveCfg = Debug|Any CPU
		{477E9018-8CF4-4AE6-A11C-0B6CC5D71A37}.Debug|Any CPU.Build.0 = Debug|Any CPU
		{477E9018-8CF4-4AE6-A11C-0B6CC5D71A37}.Release|Any CPU.ActiveCfg = Release|Any CPU
		{477E9018-8CF4-4AE6-A11C-0B6CC5D71A37}.Release|Any CPU.Build.0 = Release|Any CPU
		{09CF58B7-9F6E-422F-BB06-E41F2AAE9EA3}.Debug|Any CPU.ActiveCfg = Debug|Any CPU
		{09CF58B7-9F6E-422F-BB06-E41F2AAE9EA3}.Debug|Any CPU.Build.0 = Debug|Any CPU
		{09CF58B7-9F6E-422F-BB06-E41F2AAE9EA3}.Release|Any CPU.ActiveCfg = Release|Any CPU
		{09CF58B7-9F6E-422F-BB06-E41F2AAE9EA3}.Release|Any CPU.Build.0 = Release|Any CPU
		{CF3F5704-4A83-4367-AD11-685CED9D5415}.Debug|Any CPU.ActiveCfg = Debug|Any CPU
		{CF3F5704-4A83-4367-AD11-685CED9D5415}.Debug|Any CPU.Build.0 = Debug|Any CPU
		{CF3F5704-4A83-4367-AD11-685CED9D5415}.Release|Any CPU.ActiveCfg = Release|Any CPU
		{CF3F5704-4A83-4367-AD11-685CED9D5415}.Release|Any CPU.Build.0 = Release|Any CPU
		{DA920F67-B53F-4228-8F72-1A32AB82AD71}.Debug|Any CPU.ActiveCfg = Debug|Any CPU
		{DA920F67-B53F-4228-8F72-1A32AB82AD71}.Debug|Any CPU.Build.0 = Debug|Any CPU
		{DA920F67-B53F-4228-8F72-1A32AB82AD71}.Release|Any CPU.ActiveCfg = Release|Any CPU
		{DA920F67-B53F-4228-8F72-1A32AB82AD71}.Release|Any CPU.Build.0 = Release|Any CPU
		{6A3E3C4D-8D9F-43BC-98CE-905B352935FB}.Debug|Any CPU.ActiveCfg = Debug|Any CPU
		{6A3E3C4D-8D9F-43BC-98CE-905B352935FB}.Debug|Any CPU.Build.0 = Debug|Any CPU
		{6A3E3C4D-8D9F-43BC-98CE-905B352935FB}.Release|Any CPU.ActiveCfg = Release|Any CPU
		{6A3E3C4D-8D9F-43BC-98CE-905B352935FB}.Release|Any CPU.Build.0 = Release|Any CPU
		{DD465C70-669F-498D-8A3F-89AAEBCE4559}.Debug|Any CPU.ActiveCfg = Debug|Any CPU
		{DD465C70-669F-498D-8A3F-89AAEBCE4559}.Debug|Any CPU.Build.0 = Debug|Any CPU
		{DD465C70-669F-498D-8A3F-89AAEBCE4559}.Release|Any CPU.ActiveCfg = Release|Any CPU
		{DD465C70-669F-498D-8A3F-89AAEBCE4559}.Release|Any CPU.Build.0 = Release|Any CPU
		{4E9C9135-0E3F-445A-9CA6-FFDD94953628}.Debug|Any CPU.ActiveCfg = Debug|Any CPU
		{4E9C9135-0E3F-445A-9CA6-FFDD94953628}.Debug|Any CPU.Build.0 = Debug|Any CPU
		{4E9C9135-0E3F-445A-9CA6-FFDD94953628}.Release|Any CPU.ActiveCfg = Release|Any CPU
		{4E9C9135-0E3F-445A-9CA6-FFDD94953628}.Release|Any CPU.Build.0 = Release|Any CPU
		{2A5928C9-EDBC-4FA4-839C-8A7DBE35E5CA}.Debug|Any CPU.ActiveCfg = Debug|Any CPU
		{2A5928C9-EDBC-4FA4-839C-8A7DBE35E5CA}.Debug|Any CPU.Build.0 = Debug|Any CPU
		{2A5928C9-EDBC-4FA4-839C-8A7DBE35E5CA}.Release|Any CPU.ActiveCfg = Release|Any CPU
		{2A5928C9-EDBC-4FA4-839C-8A7DBE35E5CA}.Release|Any CPU.Build.0 = Release|Any CPU
		{05A95C1A-28AA-4450-B91C-4CDB217071F0}.Debug|Any CPU.ActiveCfg = Debug|Any CPU
		{05A95C1A-28AA-4450-B91C-4CDB217071F0}.Debug|Any CPU.Build.0 = Debug|Any CPU
		{05A95C1A-28AA-4450-B91C-4CDB217071F0}.Release|Any CPU.ActiveCfg = Release|Any CPU
		{05A95C1A-28AA-4450-B91C-4CDB217071F0}.Release|Any CPU.Build.0 = Release|Any CPU
	EndGlobalSection
	GlobalSection(SolutionProperties) = preSolution
		HideSolutionNode = FALSE
	EndGlobalSection
	GlobalSection(NestedProjects) = preSolution
		{7D0B7A0F-7E21-4E2F-811E-1C5A043BB919} = {94473427-470B-4654-8BD4-7FF0C2091FAA}
		{66F3067E-48A3-4A20-B0A3-28B45F1F02F9} = {94473427-470B-4654-8BD4-7FF0C2091FAA}
		{10BEDDF1-9185-43FD-98C5-EF5E0B8966EA} = {94473427-470B-4654-8BD4-7FF0C2091FAA}
		{4D72CF1C-06B1-496B-BC24-8FD8C8C49EB9} = {94473427-470B-4654-8BD4-7FF0C2091FAA}
		{7F3E8B7D-5288-4AF6-9AE4-DE2D6BED3A16} = {94473427-470B-4654-8BD4-7FF0C2091FAA}
		{9E7507B0-A2CB-4710-946C-735FDD53101D} = {94473427-470B-4654-8BD4-7FF0C2091FAA}
		{AA0FFC4E-997A-40B4-8B3C-AA0AB2C8BF56} = {94473427-470B-4654-8BD4-7FF0C2091FAA}
		{D6493CD7-BB60-4B80-A213-66E32B55BCFA} = {94473427-470B-4654-8BD4-7FF0C2091FAA}
		{CA24E652-5187-4218-B09F-55248FABC695} = {94473427-470B-4654-8BD4-7FF0C2091FAA}
		{477E9018-8CF4-4AE6-A11C-0B6CC5D71A37} = {94473427-470B-4654-8BD4-7FF0C2091FAA}
		{09CF58B7-9F6E-422F-BB06-E41F2AAE9EA3} = {94473427-470B-4654-8BD4-7FF0C2091FAA}
		{CF3F5704-4A83-4367-AD11-685CED9D5415} = {94473427-470B-4654-8BD4-7FF0C2091FAA}
		{DA920F67-B53F-4228-8F72-1A32AB82AD71} = {5653A24F-2D85-4A35-ACF9-9C6C9F9526E8}
		{DD465C70-669F-498D-8A3F-89AAEBCE4559} = {65C20A32-B2BE-4B69-9742-B742C3E3AA9E}
		{4E9C9135-0E3F-445A-9CA6-FFDD94953628} = {94473427-470B-4654-8BD4-7FF0C2091FAA}
		{2A5928C9-EDBC-4FA4-839C-8A7DBE35E5CA} = {5653A24F-2D85-4A35-ACF9-9C6C9F9526E8}
		{05A95C1A-28AA-4450-B91C-4CDB217071F0} = {5653A24F-2D85-4A35-ACF9-9C6C9F9526E8}
	EndGlobalSection
	GlobalSection(ExtensibilityGlobals) = postSolution
		SolutionGuid = {D95B1279-A117-420E-931A-DEE26521BD82}
	EndGlobalSection
EndGlobal
